
Microsoft Visual Studio Solution File, Format Version 12.00
# Visual Studio Version 17
VisualStudioVersion = 17.13.35806.99 d17.13
MinimumVisualStudioVersion = 10.0.40219.1
Project("{FAE04EC0-301F-11D3-BF4B-00C04F79EFBC}") = "JavaToC#_1", "JavaToC#_1.csproj", "{33A3B70B-9237-4068-8775-E612DDFC0057}"
EndProject
Project("{FAE04EC0-301F-11D3-BF4B-00C04F79EFBC}") = "JavaToC#_2", "..\JavaToC#_2\JavaToC#_2.csproj", "{1FFFCC78-A884-441C-BF98-B6D119562E23}"
EndProject
Project("{FAE04EC0-301F-11D3-BF4B-00C04F79EFBC}") = "JavaToC#_3", "..\JavaToC#_3\JavaToC#_3.csproj", "{68B0C560-C4AE-4B01-ACFF-992BF8EA5AC1}"
EndProject
Project("{2150E333-8FDC-42A3-9474-1A3956D46DE8}") = "Exercise", "Exercise", "{02EA681E-C7D8-13C7-8484-4AC65E1B71E8}"
EndProject
Project("{FAE04EC0-301F-11D3-BF4B-00C04F79EFBC}") = "Models", "..\Models\Models.csproj", "{39AC3B7C-0668-4879-AE6A-D9A4A2DE474B}"
EndProject
Global
	GlobalSection(SolutionConfigurationPlatforms) = preSolution
		Debug|Any CPU = Debug|Any CPU
		Release|Any CPU = Release|Any CPU
	EndGlobalSection
	GlobalSection(ProjectConfigurationPlatforms) = postSolution
		{33A3B70B-9237-4068-8775-E612DDFC0057}.Debug|Any CPU.ActiveCfg = Debug|Any CPU
		{33A3B70B-9237-4068-8775-E612DDFC0057}.Debug|Any CPU.Build.0 = Debug|Any CPU
		{33A3B70B-9237-4068-8775-E612DDFC0057}.Release|Any CPU.ActiveCfg = Release|Any CPU
		{33A3B70B-9237-4068-8775-E612DDFC0057}.Release|Any CPU.Build.0 = Release|Any CPU
		{1FFFCC78-A884-441C-BF98-B6D119562E23}.Debug|Any CPU.ActiveCfg = Debug|Any CPU
		{1FFFCC78-A884-441C-BF98-B6D119562E23}.Debug|Any CPU.Build.0 = Debug|Any CPU
		{1FFFCC78-A884-441C-BF98-B6D119562E23}.Release|Any CPU.ActiveCfg = Release|Any CPU
		{1FFFCC78-A884-441C-BF98-B6D119562E23}.Release|Any CPU.Build.0 = Release|Any CPU
		{68B0C560-C4AE-4B01-ACFF-992BF8EA5AC1}.Debug|Any CPU.ActiveCfg = Debug|Any CPU
		{68B0C560-C4AE-4B01-ACFF-992BF8EA5AC1}.Debug|Any CPU.Build.0 = Debug|Any CPU
		{68B0C560-C4AE-4B01-ACFF-992BF8EA5AC1}.Release|Any CPU.ActiveCfg = Release|Any CPU
		{68B0C560-C4AE-4B01-ACFF-992BF8EA5AC1}.Release|Any CPU.Build.0 = Release|Any CPU
		{39AC3B7C-0668-4879-AE6A-D9A4A2DE474B}.Debug|Any CPU.ActiveCfg = Debug|Any CPU
		{39AC3B7C-0668-4879-AE6A-D9A4A2DE474B}.Debug|Any CPU.Build.0 = Debug|Any CPU
		{39AC3B7C-0668-4879-AE6A-D9A4A2DE474B}.Release|Any CPU.ActiveCfg = Release|Any CPU
		{39AC3B7C-0668-4879-AE6A-D9A4A2DE474B}.Release|Any CPU.Build.0 = Release|Any CPU
	EndGlobalSection
	GlobalSection(SolutionProperties) = preSolution
		HideSolutionNode = FALSE
	EndGlobalSection
	GlobalSection(ExtensibilityGlobals) = postSolution
		SolutionGuid = {5173D33F-2DD6-4CA8-BCF3-9567D3245E1D}
	EndGlobalSection
EndGlobal
